
Microsoft Visual Studio Solution File, Format Version 12.00
# Visual Studio Version 17
VisualStudioVersion = 17.4.33103.184
MinimumVisualStudioVersion = 10.0.40219.1
Project("{FAE04EC0-301F-11D3-BF4B-00C04F79EFBC}") = "Project_d_Chat", "Project_d_Chat\Project_d_Chat.csproj", "{8C81D770-75B3-4BD2-B93D-1301B6E722B3}"
EndProject
Project("{FAE04EC0-301F-11D3-BF4B-00C04F79EFBC}") = "Project_d_Chat.Core", "Project_d_Chat.Core\Project_d_Chat.Core.csproj", "{EBB70A3B-8BB5-4D83-9130-0856E0065F77}"
EndProject
Project("{FAE04EC0-301F-11D3-BF4B-00C04F79EFBC}") = "Project_d_Chat.DataLeaer", "Project_d_Chat.DataLeaer\Project_d_Chat.DataLeaer.csproj", "{AFC8FFC0-9A7F-4061-AA60-9F21B9408B58}"
EndProject
Global
	GlobalSection(SolutionConfigurationPlatforms) = preSolution
		Debug|Any CPU = Debug|Any CPU
		Release|Any CPU = Release|Any CPU
	EndGlobalSection
	GlobalSection(ProjectConfigurationPlatforms) = postSolution
		{8C81D770-75B3-4BD2-B93D-1301B6E722B3}.Debug|Any CPU.ActiveCfg = Debug|Any CPU
		{8C81D770-75B3-4BD2-B93D-1301B6E722B3}.Debug|Any CPU.Build.0 = Debug|Any CPU
		{8C81D770-75B3-4BD2-B93D-1301B6E722B3}.Release|Any CPU.ActiveCfg = Release|Any CPU
		{8C81D770-75B3-4BD2-B93D-1301B6E722B3}.Release|Any CPU.Build.0 = Release|Any CPU
		{EBB70A3B-8BB5-4D83-9130-0856E0065F77}.Debug|Any CPU.ActiveCfg = Debug|Any CPU
		{EBB70A3B-8BB5-4D83-9130-0856E0065F77}.Debug|Any CPU.Build.0 = Debug|Any CPU
		{EBB70A3B-8BB5-4D83-9130-0856E0065F77}.Release|Any CPU.ActiveCfg = Release|Any CPU
		{EBB70A3B-8BB5-4D83-9130-0856E0065F77}.Release|Any CPU.Build.0 = Release|Any CPU
		{AFC8FFC0-9A7F-4061-AA60-9F21B9408B58}.Debug|Any CPU.ActiveCfg = Debug|Any CPU
		{AFC8FFC0-9A7F-4061-AA60-9F21B9408B58}.Debug|Any CPU.Build.0 = Debug|Any CPU
		{AFC8FFC0-9A7F-4061-AA60-9F21B9408B58}.Release|Any CPU.ActiveCfg = Release|Any CPU
		{AFC8FFC0-9A7F-4061-AA60-9F21B9408B58}.Release|Any CPU.Build.0 = Release|Any CPU
	EndGlobalSection
	GlobalSection(SolutionProperties) = preSolution
		HideSolutionNode = FALSE
	EndGlobalSection
	GlobalSection(ExtensibilityGlobals) = postSolution
		SolutionGuid = {4D72F600-EC09-4623-93DB-202B2E90D57B}
	EndGlobalSection
EndGlobal
